<Solution>
  <Configurations>
    <Platform Name="Any CPU" />
    <Platform Name="x64" />
    <Platform Name="x86" />
  </Configurations>
  <Project Path="../gpodder/gpodder.pyproj" Type="888888a0-9f3d-457c-b088-3a5042f75d52" Id="87cb09f7-7aa5-4452-a433-52d1e0bec30d">
    <Platform Project="AnyCPU" />
    <Build Project="false" />
  </Project>
  <Project Path="../mygpoclient/mygpoclient.pyproj" Type="888888a0-9f3d-457c-b088-3a5042f75d52" Id="d4a36b5b-c7f8-4f9c-a9e2-4e9acf76610f">
    <Platform Project="AnyCPU" />
    <Build Project="false" />
  </Project>
  <Project Path="../podcastparser/podcastparser.pyproj" Type="888888a0-9f3d-457c-b088-3a5042f75d52" Id="f0ac2f30-8b35-4f79-8152-e79c6147a04c">
    <Platform Project="AnyCPU" />
    <Build Project="false" />
  </Project>
  <Project Path="gPodder+/gPodder+.vcxproj" Id="a858439e-d935-464d-948f-9a27ea6b3065" />
</Solution>
